{
    "_readme": [
        "This file locks the dependencies of your project to a known state",
        "Read more about it at https://getcomposer.org/doc/01-basic-usage.md#installing-dependencies",
        "This file is @generated automatically"
    ],
    "content-hash": "578f203c1229d63a50b8d5a0e15cce61",
    "packages": [
        {
            "name": "esoastor/database-manager",
            "version": "v0.0.19",
            "source": {
                "type": "git",
                "url": "https://github.com/esoastor/database-manager.git",
                "reference": "be28c69d6be59528b501fb5cf507ea665cc347ad"
            },
            "dist": {
                "type": "zip",
                "url": "https://api.github.com/repos/esoastor/database-manager/zipball/be28c69d6be59528b501fb5cf507ea665cc347ad",
                "reference": "be28c69d6be59528b501fb5cf507ea665cc347ad",
                "shasum": ""
            },
            "require": {
                "php": ">=8.0"
            },
            "require-dev": {
                "phpunit/phpunit": "*"
            },
            "type": "library",
            "autoload": {
                "psr-4": {
                    "Database\\": "src/"
                }
            },
            "notification-url": "https://packagist.org/downloads/",
            "support": {
                "issues": "https://github.com/esoastor/database-manager/issues",
                "source": "https://github.com/esoastor/database-manager/tree/v0.0.19"
            },
            "time": "2023-03-18T06:53:48+00:00"
        },
        {
            "name": "esoastor/event-manager",
            "version": "0.0.7",
            "source": {
                "type": "git",
                "url": "https://github.com/esoastor/event-manager.git",
                "reference": "f4d33916481633af5ad700eb4d8763d931aa79ea"
            },
            "dist": {
                "type": "zip",
                "url": "https://api.github.com/repos/esoastor/event-manager/zipball/f4d33916481633af5ad700eb4d8763d931aa79ea",
                "reference": "f4d33916481633af5ad700eb4d8763d931aa79ea",
                "shasum": ""
            },
            "type": "library",
            "autoload": {
                "psr-4": {
                    "Esoastor\\EventManager\\": "src/"
                }
            },
            "notification-url": "https://packagist.org/downloads/",
            "support": {
                "issues": "https://github.com/esoastor/event-manager/issues",
                "source": "https://github.com/esoastor/event-manager/tree/0.0.7"
            },
            "time": "2023-04-02T14:04:13+00:00"
        }
    ],
    "packages-dev": [],
    "aliases": [],
    "minimum-stability": "stable",
    "stability-flags": [],
    "prefer-stable": false,
    "prefer-lowest": false,
    "platform": {
        "php": ">=8.0"
    },
    "platform-dev": [],
    "plugin-api-version": "2.3.0"
}
