{
    "_readme": [
        "This file locks the dependencies of your project to a known state",
        "Read more about it at https://getcomposer.org/doc/01-basic-usage.md#installing-dependencies",
        "This file is @generated automatically"
    ],
    "content-hash": "fd535ac92a8a1bbfeac4fc4991d7df61",
    "packages": [
        {
            "name": "esoastor/database-manager",
            "version": "v0.0.16",
            "source": {
                "type": "git",
                "url": "https://github.com/esoastor/database-manager.git",
                "reference": "9a1c6b27f8b103b12ce5b03f23785c7f99bac3c5"
            },
            "dist": {
                "type": "zip",
                "url": "https://api.github.com/repos/esoastor/database-manager/zipball/9a1c6b27f8b103b12ce5b03f23785c7f99bac3c5",
                "reference": "9a1c6b27f8b103b12ce5b03f23785c7f99bac3c5",
                "shasum": ""
            },
            "require": {
                "php": ">=8.0"
            },
            "require-dev": {
                "phpunit/phpunit": "*"
            },
            "type": "library",
            "autoload": {
                "psr-4": {
                    "Database\\": "src/"
                }
            },
            "notification-url": "https://packagist.org/downloads/",
            "support": {
                "issues": "https://github.com/esoastor/database-manager/issues",
                "source": "https://github.com/esoastor/database-manager/tree/v0.0.16"
            },
            "time": "2023-03-08T19:41:53+00:00"
        }
    ],
    "packages-dev": [],
    "aliases": [],
    "minimum-stability": "stable",
    "stability-flags": [],
    "prefer-stable": false,
    "prefer-lowest": false,
    "platform": {
        "php": ">=8.0"
    },
    "platform-dev": [],
    "plugin-api-version": "2.3.0"
}
